// !$*UTF8*$!
{
	archiveVersion = 1;
	classes = {
	};
	objectVersion = 50;
	objects = {

/* Begin PBXBuildFile section */
		D607C6372379BE7B0000680A /* AppDelegate.swift in Sources */ = {isa = PBXBuildFile; fileRef = D607C6362379BE7B0000680A /* AppDelegate.swift */; };
		D607C6392379BE7B0000680A /* SceneDelegate.swift in Sources */ = {isa = PBXBuildFile; fileRef = D607C6382379BE7B0000680A /* SceneDelegate.swift */; };
		D607C63B2379BE7B0000680A /* ViewController.swift in Sources */ = {isa = PBXBuildFile; fileRef = D607C63A2379BE7B0000680A /* ViewController.swift */; };
		D607C63E2379BE7B0000680A /* Main.storyboard in Resources */ = {isa = PBXBuildFile; fileRef = D607C63C2379BE7B0000680A /* Main.storyboard */; };
		D607C6402379BE7D0000680A /* Assets.xcassets in Resources */ = {isa = PBXBuildFile; fileRef = D607C63F2379BE7D0000680A /* Assets.xcassets */; };
		D607C6432379BE7D0000680A /* LaunchScreen.storyboard in Resources */ = {isa = PBXBuildFile; fileRef = D607C6412379BE7D0000680A /* LaunchScreen.storyboard */; };
		D65B4B6C239A63E60090C5D2 /* Concentration.swift in Sources */ = {isa = PBXBuildFile; fileRef = D65B4B6B239A63E60090C5D2 /* Concentration.swift */; };
		D65B4B70239A68300090C5D2 /* Card.swift in Sources */ = {isa = PBXBuildFile; fileRef = D65B4B6F239A68300090C5D2 /* Card.swift */; };
/* End PBXBuildFile section */

/* Begin PBXFileReference section */
		D607C6332379BE7B0000680A /* Concentration.app */ = {isa = PBXFileReference; explicitFileType = wrapper.application; includeInIndex = 0; path = Concentration.app; sourceTree = BUILT_PRODUCTS_DIR; };
		D607C6362379BE7B0000680A /* AppDelegate.swift */ = {isa = PBXFileReference; lastKnownFileType = sourcecode.swift; path = AppDelegate.swift; sourceTree = "<group>"; };
		D607C6382379BE7B0000680A /* SceneDelegate.swift */ = {isa = PBXFileReference; lastKnownFileType = sourcecode.swift; path = SceneDelegate.swift; sourceTree = "<group>"; };
		D607C63A2379BE7B0000680A /* ViewController.swift */ = {isa = PBXFileReference; lastKnownFileType = sourcecode.swift; path = ViewController.swift; sourceTree = "<group>"; };
		D607C63D2379BE7B0000680A /* Base */ = {isa = PBXFileReference; lastKnownFileType = file.storyboard; name = Base; path = Base.lproj/Main.storyboard; sourceTree = "<group>"; };
		D607C63F2379BE7D0000680A /* Assets.xcassets */ = {isa = PBXFileReference; lastKnownFileType = folder.assetcatalog; path = Assets.xcassets; sourceTree = "<group>"; };
		D607C6422379BE7D0000680A /* Base */ = {isa = PBXFileReference; lastKnownFileType = file.storyboard; name = Base; path = Base.lproj/LaunchScreen.storyboard; sourceTree = "<group>"; };
		D607C6442379BE7D0000680A /* Info.plist */ = {isa = PBXFileReference; lastKnownFileType = text.plist.xml; path = Info.plist; sourceTree = "<group>"; };
		D65B4B6B239A63E60090C5D2 /* Concentration.swift */ = {isa = PBXFileReference; lastKnownFileType = sourcecode.swift; path = Concentration.swift; sourceTree = "<group>"; };
		D65B4B6F239A68300090C5D2 /* Card.swift */ = {isa = PBXFileReference; lastKnownFileType = sourcecode.swift; path = Card.swift; sourceTree = SOURCE_ROOT; };
/* End PBXFileReference section */

/* Begin PBXFrameworksBuildPhase section */
		D607C6302379BE7B0000680A /* Frameworks */ = {
			isa = PBXFrameworksBuildPhase;
			buildActionMask = 2147483647;
			files = (
			);
			runOnlyForDeploymentPostprocessing = 0;
		};
/* End PBXFrameworksBuildPhase section */

/* Begin PBXGroup section */
		D607C62A2379BE7B0000680A = {
			isa = PBXGroup;
			children = (
				D607C6352379BE7B0000680A /* Concentration */,
				D607C6342379BE7B0000680A /* Products */,
			);
			sourceTree = "<group>";
		};
		D607C6342379BE7B0000680A /* Products */ = {
			isa = PBXGroup;
			children = (
				D607C6332379BE7B0000680A /* Concentration.app */,
			);
			name = Products;
			sourceTree = "<group>";
		};
		D607C6352379BE7B0000680A /* Concentration */ = {
			isa = PBXGroup;
			children = (
				D65B4B6F239A68300090C5D2 /* Card.swift */,
				D607C64A2379BF550000680A /* Supporting  Files */,
				D607C63A2379BE7B0000680A /* ViewController.swift */,
				D607C63C2379BE7B0000680A /* Main.storyboard */,
				D65B4B6B239A63E60090C5D2 /* Concentration.swift */,
				D607C6442379BE7D0000680A /* Info.plist */,
			);
			path = Concentration;
			sourceTree = "<group>";
		};
		D607C64A2379BF550000680A /* Supporting  Files */ = {
			isa = PBXGroup;
			children = (
				D607C63F2379BE7D0000680A /* Assets.xcassets */,
				D607C6362379BE7B0000680A /* AppDelegate.swift */,
				D607C6382379BE7B0000680A /* SceneDelegate.swift */,
				D607C6412379BE7D0000680A /* LaunchScreen.storyboard */,
			);
			path = "Supporting  Files";
			sourceTree = "<group>";
		};
/* End PBXGroup section */

/* Begin PBXNativeTarget section */
		D607C6322379BE7B0000680A /* Concentration */ = {
			isa = PBXNativeTarget;
			buildConfigurationList = D607C6472379BE7D0000680A /* Build configuration list for PBXNativeTarget "Concentration" */;
			buildPhases = (
				D607C62F2379BE7B0000680A /* Sources */,
				D607C6302379BE7B0000680A /* Frameworks */,
				D607C6312379BE7B0000680A /* Resources */,
			);
			buildRules = (
			);
			dependencies = (
			);
			name = Concentration;
			productName = Concentration;
			productReference = D607C6332379BE7B0000680A /* Concentration.app */;
			productType = "com.apple.product-type.application";
		};
/* End PBXNativeTarget section */

/* Begin PBXProject section */
		D607C62B2379BE7B0000680A /* Project object */ = {
			isa = PBXProject;
			attributes = {
				LastSwiftUpdateCheck = 1110;
				LastUpgradeCheck = 1110;
				ORGANIZATIONNAME = "Deepanshu Yadav";
				TargetAttributes = {
					D607C6322379BE7B0000680A = {
						CreatedOnToolsVersion = 11.1;
					};
				};
			};
			buildConfigurationList = D607C62E2379BE7B0000680A /* Build configuration list for PBXProject "Concentration" */;
			compatibilityVersion = "Xcode 9.3";
			developmentRegion = en;
			hasScannedForEncodings = 0;
			knownRegions = (
				en,
				Base,
			);
			mainGroup = D607C62A2379BE7B0000680A;
			productRefGroup = D607C6342379BE7B0000680A /* Products */;
			projectDirPath = "";
			projectRoot = "";
			targets = (
				D607C6322379BE7B0000680A /* Concentration */,
			);
		};
/* End PBXProject section */

/* Begin PBXResourcesBuildPhase section */
		D607C6312379BE7B0000680A /* Resources */ = {
			isa = PBXResourcesBuildPhase;
			buildActionMask = 2147483647;
			files = (
				D607C6432379BE7D0000680A /* LaunchScreen.storyboard in Resources */,
				D607C6402379BE7D0000680A /* Assets.xcassets in Resources */,
				D607C63E2379BE7B0000680A /* Main.storyboard in Resources */,
			);
			runOnlyForDeploymentPostprocessing = 0;
		};
/* End PBXResourcesBuildPhase section */

/* Begin PBXSourcesBuildPhase section */
		D607C62F2379BE7B0000680A /* Sources */ = {
			isa = PBXSourcesBuildPhase;
			buildActionMask = 2147483647;
			files = (
				D607C63B2379BE7B0000680A /* ViewController.swift in Sources */,
				D65B4B6C239A63E60090C5D2 /* Concentration.swift in Sources */,
				D65B4B70239A68300090C5D2 /* Card.swift in Sources */,
				D607C6372379BE7B0000680A /* AppDelegate.swift in Sources */,
				D607C6392379BE7B0000680A /* SceneDelegate.swift in Sources */,
			);
			runOnlyForDeploymentPostprocessing = 0;
		};
/* End PBXSourcesBuildPhase section */

/* Begin PBXVariantGroup section */
		D607C63C2379BE7B0000680A /* Main.storyboard */ = {
			isa = PBXVariantGroup;
			children = (
				D607C63D2379BE7B0000680A /* Base */,
			);
			name = Main.storyboard;
			sourceTree = "<group>";
		};
		D607C6412379BE7D0000680A /* LaunchScreen.storyboard */ = {
			isa = PBXVariantGroup;
			children = (
				D607C6422379BE7D0000680A /* Base */,
			);
			name = LaunchScreen.storyboard;
			sourceTree = "<group>";
		};
/* End PBXVariantGroup section */

/* Begin XCBuildConfiguration section */
		D607C6452379BE7D0000680A /* Debug */ = {
			isa = XCBuildConfiguration;
			buildSettings = {
				ALWAYS_SEARCH_USER_PATHS = NO;
				CLANG_ANALYZER_NONNULL = YES;
				CLANG_ANALYZER_NUMBER_OBJECT_CONVERSION = YES_AGGRESSIVE;
				CLANG_CXX_LANGUAGE_STANDARD = "gnu++14";
				CLANG_CXX_LIBRARY = "libc++";
				CLANG_ENABLE_MODULES = YES;
				CLANG_ENABLE_OBJC_ARC = YES;
				CLANG_ENABLE_OBJC_WEAK = YES;
				CLANG_WARN_BLOCK_CAPTURE_AUTORELEASING = YES;
				CLANG_WARN_BOOL_CONVERSION = YES;
				CLANG_WARN_COMMA = YES;
				CLANG_WARN_CONSTANT_CONVERSION = YES;
				CLANG_WARN_DEPRECATED_OBJC_IMPLEMENTATIONS = YES;
				CLANG_WARN_DIRECT_OBJC_ISA_USAGE = YES_ERROR;
				CLANG_WARN_DOCUMENTATION_COMMENTS = YES;
				CLANG_WARN_EMPTY_BODY = YES;
				CLANG_WARN_ENUM_CONVERSION = YES;
				CLANG_WARN_INFINITE_RECURSION = YES;
				CLANG_WARN_INT_CONVERSION = YES;
				CLANG_WARN_NON_LITERAL_NULL_CONVERSION = YES;
				CLANG_WARN_OBJC_IMPLICIT_RETAIN_SELF = YES;
				CLANG_WARN_OBJC_LITERAL_CONVERSION = YES;
				CLANG_WARN_OBJC_ROOT_CLASS = YES_ERROR;
				CLANG_WARN_RANGE_LOOP_ANALYSIS = YES;
				CLANG_WARN_STRICT_PROTOTYPES = YES;
				CLANG_WARN_SUSPICIOUS_MOVE = YES;
				CLANG_WARN_UNGUARDED_AVAILABILITY = YES_AGGRESSIVE;
				CLANG_WARN_UNREACHABLE_CODE = YES;
				CLANG_WARN__DUPLICATE_METHOD_MATCH = YES;
				COPY_PHASE_STRIP = NO;
				DEBUG_INFORMATION_FORMAT = dwarf;
				ENABLE_STRICT_OBJC_MSGSEND = YES;
				ENABLE_TESTABILITY = YES;
				GCC_C_LANGUAGE_STANDARD = gnu11;
				GCC_DYNAMIC_NO_PIC = NO;
				GCC_NO_COMMON_BLOCKS = YES;
				GCC_OPTIMIZATION_LEVEL = 0;
				GCC_PREPROCESSOR_DEFINITIONS = (
					"DEBUG=1",
					"$(inherited)",
				);
				GCC_WARN_64_TO_32_BIT_CONVERSION = YES;
				GCC_WARN_ABOUT_RETURN_TYPE = YES_ERROR;
				GCC_WARN_UNDECLARED_SELECTOR = YES;
				GCC_WARN_UNINITIALIZED_AUTOS = YES_AGGRESSIVE;
				GCC_WARN_UNUSED_FUNCTION = YES;
				GCC_WARN_UNUSED_VARIABLE = YES;
				IPHONEOS_DEPLOYMENT_TARGET = 13.1;
				MTL_ENABLE_DEBUG_INFO = INCLUDE_SOURCE;
				MTL_FAST_MATH = YES;
				ONLY_ACTIVE_ARCH = YES;
				SDKROOT = iphoneos;
				SWIFT_ACTIVE_COMPILATION_CONDITIONS = DEBUG;
				SWIFT_OPTIMIZATION_LEVEL = "-Onone";
			};
			name = Debug;
		};
		D607C6462379BE7D0000680A /* Release */ = {
			isa = XCBuildConfiguration;
			buildSettings = {
				ALWAYS_SEARCH_USER_PATHS = NO;
				CLANG_ANALYZER_NONNULL = YES;
				CLANG_ANALYZER_NUMBER_OBJECT_CONVERSION = YES_AGGRESSIVE;
				CLANG_CXX_LANGUAGE_STANDARD = "gnu++14";
				CLANG_CXX_LIBRARY = "libc++";
				CLANG_ENABLE_MODULES = YES;
				CLANG_ENABLE_OBJC_ARC = YES;
				CLANG_ENABLE_OBJC_WEAK = YES;
				CLANG_WARN_BLOCK_CAPTURE_AUTORELEASING = YES;
				CLANG_WARN_BOOL_CONVERSION = YES;
				CLANG_WARN_COMMA = YES;
				CLANG_WARN_CONSTANT_CONVERSION = YES;
				CLANG_WARN_DEPRECATED_OBJC_IMPLEMENTATIONS = YES;
				CLANG_WARN_DIRECT_OBJC_ISA_USAGE = YES_ERROR;
				CLANG_WARN_DOCUMENTATION_COMMENTS = YES;
				CLANG_WARN_EMPTY_BODY = YES;
				CLANG_WARN_ENUM_CONVERSION = YES;
				CLANG_WARN_INFINITE_RECURSION = YES;
				CLANG_WARN_INT_CONVERSION = YES;
				CLANG_WARN_NON_LITERAL_NULL_CONVERSION = YES;
				CLANG_WARN_OBJC_IMPLICIT_RETAIN_SELF = YES;
				CLANG_WARN_OBJC_LITERAL_CONVERSION = YES;
				CLANG_WARN_OBJC_ROOT_CLASS = YES_ERROR;
				CLANG_WARN_RANGE_LOOP_ANALYSIS = YES;
				CLANG_WARN_STRICT_PROTOTYPES = YES;
				CLANG_WARN_SUSPICIOUS_MOVE = YES;
				CLANG_WARN_UNGUARDED_AVAILABILITY = YES_AGGRESSIVE;
				CLANG_WARN_UNREACHABLE_CODE = YES;
				CLANG_WARN__DUPLICATE_METHOD_MATCH = YES;
				COPY_PHASE_STRIP = NO;
				DEBUG_INFORMATION_FORMAT = "dwarf-with-dsym";
				ENABLE_NS_ASSERTIONS = NO;
				ENABLE_STRICT_OBJC_MSGSEND = YES;
				GCC_C_LANGUAGE_STANDARD = gnu11;
				GCC_NO_COMMON_BLOCKS = YES;
				GCC_WARN_64_TO_32_BIT_CONVERSION = YES;
				GCC_WARN_ABOUT_RETURN_TYPE = YES_ERROR;
				GCC_WARN_UNDECLARED_SELECTOR = YES;
				GCC_WARN_UNINITIALIZED_AUTOS = YES_AGGRESSIVE;
				GCC_WARN_UNUSED_FUNCTION = YES;
				GCC_WARN_UNUSED_VARIABLE = YES;
				IPHONEOS_DEPLOYMENT_TARGET = 13.1;
				MTL_ENABLE_DEBUG_INFO = NO;
				MTL_FAST_MATH = YES;
				SDKROOT = iphoneos;
				SWIFT_COMPILATION_MODE = wholemodule;
				SWIFT_OPTIMIZATION_LEVEL = "-O";
				VALIDATE_PRODUCT = YES;
			};
			name = Release;
		};
		D607C6482379BE7D0000680A /* Debug */ = {
			isa = XCBuildConfiguration;
			buildSettings = {
				ASSETCATALOG_COMPILER_APPICON_NAME = AppIcon;
				CODE_SIGN_STYLE = Automatic;
				INFOPLIST_FILE = Concentration/Info.plist;
				LD_RUNPATH_SEARCH_PATHS = (
					"$(inherited)",
					"@executable_path/Frameworks",
				);
				PRODUCT_BUNDLE_IDENTIFIER = com.thepanshu.Concentration;
				PRODUCT_NAME = "$(TARGET_NAME)";
				SWIFT_VERSION = 5.0;
				TARGETED_DEVICE_FAMILY = 1;
			};
			name = Debug;
		};
		D607C6492379BE7D0000680A /* Release */ = {
			isa = XCBuildConfiguration;
			buildSettings = {
				ASSETCATALOG_COMPILER_APPICON_NAME = AppIcon;
				CODE_SIGN_STYLE = Automatic;
				INFOPLIST_FILE = Concentration/Info.plist;
				LD_RUNPATH_SEARCH_PATHS = (
					"$(inherited)",
					"@executable_path/Frameworks",
				);
				PRODUCT_BUNDLE_IDENTIFIER = com.thepanshu.Concentration;
				PRODUCT_NAME = "$(TARGET_NAME)";
				SWIFT_VERSION = 5.0;
				TARGETED_DEVICE_FAMILY = 1;
			};
			name = Release;
		};
/* End XCBuildConfiguration section */

/* Begin XCConfigurationList section */
		D607C62E2379BE7B0000680A /* Build configuration list for PBXProject "Concentration" */ = {
			isa = XCConfigurationList;
			buildConfigurations = (
				D607C6452379BE7D0000680A /* Debug */,
				D607C6462379BE7D0000680A /* Release */,
			);
			defaultConfigurationIsVisible = 0;
			defaultConfigurationName = Release;
		};
		D607C6472379BE7D0000680A /* Build configuration list for PBXNativeTarget "Concentration" */ = {
			isa = XCConfigurationList;
			buildConfigurations = (
				D607C6482379BE7D0000680A /* Debug */,
				D607C6492379BE7D0000680A /* Release */,
			);
			defaultConfigurationIsVisible = 0;
			defaultConfigurationName = Release;
		};
/* End XCConfigurationList section */
	};
	rootObject = D607C62B2379BE7B0000680A /* Project object */;
}
